<Solution>
  <Folder Name="/Solution Items/">
    <File Path=".editorconfig" />
    <File Path=".gitattributes" />
    <File Path=".gitignore" />
    <File Path="Directory.Build.props" />
    <File Path="Directory.Build.targets" />
    <File Path="Directory.Packages.props" />
    <File Path="global.json" />
    <File Path="NuGet.config" />
    <File Path="README.md" />
  </Folder>
  <Folder Name="/src/">
    <Project Path="src/Dice.Avalonia/Dice.Avalonia.csproj" />
    <Project Path="src/Dice.Core/Dice.Core.csproj" />
  </Folder>
  <Folder Name="/tests/">
    <Project Path="tests/Dice.Core.Tests/Dice.Core.Tests.csproj" />
  </Folder>
</Solution>