
Microsoft Visual Studio Solution File, Format Version 12.00
# Visual Studio Version 17
VisualStudioVersion = 17.2.32602.215
MinimumVisualStudioVersion = 10.0.40219.1
Project("{9A19103F-16F7-4668-BE54-9A1E7A4F7556}") = "Dice", "Dice\Dice.csproj", "{A6472375-EB0C-4CD6-BDBF-ABE7382D7B4F}"
EndProject
Project("{2150E333-8FDC-42A3-9474-1A3956D46DE8}") = "Solution Items", "Solution Items", "{91B06139-4C4D-476A-80DB-C5D01CA62A66}"
	ProjectSection(SolutionItems) = preProject
		.editorconfig = .editorconfig
		.gitattributes = .gitattributes
		.gitignore = .gitignore
		global.json = global.json
		NuGet.config = NuGet.config
		README.md = README.md
	EndProjectSection
EndProject
Project("{9A19103F-16F7-4668-BE54-9A1E7A4F7556}") = "Dice.Core.Tests", "Dice.Tests\Dice.Core.Tests.csproj", "{9A70BD60-A49E-47F2-9FD8-BB7026AB7148}"
EndProject
Project("{9A19103F-16F7-4668-BE54-9A1E7A4F7556}") = "Dice.Core", "Dice.Core\Dice.Core.csproj", "{BED950A1-48E7-42CF-A13C-80418A036867}"
EndProject
Project("{9A19103F-16F7-4668-BE54-9A1E7A4F7556}") = "Dice.Avalonia", "Dice.Avalonia\Dice.Avalonia.csproj", "{86B7E2CD-2BF4-4048-A1A0-B98B516AED8E}"
EndProject
Global
	GlobalSection(SolutionConfigurationPlatforms) = preSolution
		Debug|Any CPU = Debug|Any CPU
		Release|Any CPU = Release|Any CPU
	EndGlobalSection
	GlobalSection(ProjectConfigurationPlatforms) = postSolution
		{A6472375-EB0C-4CD6-BDBF-ABE7382D7B4F}.Debug|Any CPU.ActiveCfg = Debug|Any CPU
		{A6472375-EB0C-4CD6-BDBF-ABE7382D7B4F}.Debug|Any CPU.Build.0 = Debug|Any CPU
		{A6472375-EB0C-4CD6-BDBF-ABE7382D7B4F}.Release|Any CPU.ActiveCfg = Release|Any CPU
		{A6472375-EB0C-4CD6-BDBF-ABE7382D7B4F}.Release|Any CPU.Build.0 = Release|Any CPU
		{9A70BD60-A49E-47F2-9FD8-BB7026AB7148}.Debug|Any CPU.ActiveCfg = Debug|Any CPU
		{9A70BD60-A49E-47F2-9FD8-BB7026AB7148}.Debug|Any CPU.Build.0 = Debug|Any CPU
		{9A70BD60-A49E-47F2-9FD8-BB7026AB7148}.Release|Any CPU.ActiveCfg = Release|Any CPU
		{9A70BD60-A49E-47F2-9FD8-BB7026AB7148}.Release|Any CPU.Build.0 = Release|Any CPU
		{BED950A1-48E7-42CF-A13C-80418A036867}.Debug|Any CPU.ActiveCfg = Debug|Any CPU
		{BED950A1-48E7-42CF-A13C-80418A036867}.Debug|Any CPU.Build.0 = Debug|Any CPU
		{BED950A1-48E7-42CF-A13C-80418A036867}.Release|Any CPU.ActiveCfg = Release|Any CPU
		{BED950A1-48E7-42CF-A13C-80418A036867}.Release|Any CPU.Build.0 = Release|Any CPU
		{86B7E2CD-2BF4-4048-A1A0-B98B516AED8E}.Debug|Any CPU.ActiveCfg = Debug|Any CPU
		{86B7E2CD-2BF4-4048-A1A0-B98B516AED8E}.Debug|Any CPU.Build.0 = Debug|Any CPU
		{86B7E2CD-2BF4-4048-A1A0-B98B516AED8E}.Release|Any CPU.ActiveCfg = Release|Any CPU
		{86B7E2CD-2BF4-4048-A1A0-B98B516AED8E}.Release|Any CPU.Build.0 = Release|Any CPU
	EndGlobalSection
	GlobalSection(SolutionProperties) = preSolution
		HideSolutionNode = FALSE
	EndGlobalSection
	GlobalSection(ExtensibilityGlobals) = postSolution
		SolutionGuid = {3DBD0630-E31C-4617-A447-373C0FC49AB1}
	EndGlobalSection
EndGlobal
