<Solution>
  <Folder Name="/Solution Items/">
    <File Path=".editorconfig" />
    <File Path=".gitattributes" />
    <File Path=".gitignore" />
    <File Path="Directory.Build.props" />
    <File Path="Directory.Build.targets" />
    <File Path="Directory.Packages.props" />
    <File Path="global.json" />
    <File Path="NuGet.config" />
    <File Path="README.md" />
  </Folder>
  <Project Path="Dice.Avalonia/Dice.Avalonia.csproj" />
  <Project Path="Dice.Core.Tests/Dice.Core.Tests.csproj" />
  <Project Path="Dice.Core/Dice.Core.csproj" />
</Solution>
